
Microsoft Visual Studio Solution File, Format Version 12.00
# Visual Studio 14
VisualStudioVersion = 14.0.25420.1
MinimumVisualStudioVersion = 10.0.40219.1
Project("{8BC9CEB8-8B4A-11D0-8D11-00A0C91BC942}") = "Sudoku", "Sudoku\Sudoku.vcxproj", "{017E5244-D708-4CBF-815A-8850BCF04B86}"
EndProject
Project("{8BC9CEB8-8B4A-11D0-8D11-00A0C91BC942}") = "lib", "lib\lib.vcxproj", "{99ACF510-F56A-49E7-A4B2-62DF963F1F44}"
EndProject
Project("{8BC9CEB8-8B4A-11D0-8D11-00A0C91BC942}") = "checker", "checker\checker.vcxproj", "{65ACAAF1-1BE7-435E-AB20-1F046D87B2D4}"
EndProject
Global
	GlobalSection(SolutionConfigurationPlatforms) = preSolution
		Debug|x64 = Debug|x64
		Debug|x86 = Debug|x86
		Release|x64 = Release|x64
		Release|x86 = Release|x86
	EndGlobalSection
	GlobalSection(ProjectConfigurationPlatforms) = postSolution
		{017E5244-D708-4CBF-815A-8850BCF04B86}.Debug|x64.ActiveCfg = Debug|x64
		{017E5244-D708-4CBF-815A-8850BCF04B86}.Debug|x64.Build.0 = Debug|x64
		{017E5244-D708-4CBF-815A-8850BCF04B86}.Debug|x86.ActiveCfg = Debug|Win32
		{017E5244-D708-4CBF-815A-8850BCF04B86}.Debug|x86.Build.0 = Debug|Win32
		{017E5244-D708-4CBF-815A-8850BCF04B86}.Release|x64.ActiveCfg = Release|x64
		{017E5244-D708-4CBF-815A-8850BCF04B86}.Release|x64.Build.0 = Release|x64
		{017E5244-D708-4CBF-815A-8850BCF04B86}.Release|x86.ActiveCfg = Release|Win32
		{017E5244-D708-4CBF-815A-8850BCF04B86}.Release|x86.Build.0 = Release|Win32
		{99ACF510-F56A-49E7-A4B2-62DF963F1F44}.Debug|x64.ActiveCfg = Debug|x64
		{99ACF510-F56A-49E7-A4B2-62DF963F1F44}.Debug|x64.Build.0 = Debug|x64
		{99ACF510-F56A-49E7-A4B2-62DF963F1F44}.Debug|x86.ActiveCfg = Debug|Win32
		{99ACF510-F56A-49E7-A4B2-62DF963F1F44}.Debug|x86.Build.0 = Debug|Win32
		{99ACF510-F56A-49E7-A4B2-62DF963F1F44}.Release|x64.ActiveCfg = Release|x64
		{99ACF510-F56A-49E7-A4B2-62DF963F1F44}.Release|x64.Build.0 = Release|x64
		{99ACF510-F56A-49E7-A4B2-62DF963F1F44}.Release|x86.ActiveCfg = Release|Win32
		{99ACF510-F56A-49E7-A4B2-62DF963F1F44}.Release|x86.Build.0 = Release|Win32
		{65ACAAF1-1BE7-435E-AB20-1F046D87B2D4}.Debug|x64.ActiveCfg = Debug|x64
		{65ACAAF1-1BE7-435E-AB20-1F046D87B2D4}.Debug|x64.Build.0 = Debug|x64
		{65ACAAF1-1BE7-435E-AB20-1F046D87B2D4}.Debug|x86.ActiveCfg = Debug|Win32
		{65ACAAF1-1BE7-435E-AB20-1F046D87B2D4}.Debug|x86.Build.0 = Debug|Win32
		{65ACAAF1-1BE7-435E-AB20-1F046D87B2D4}.Release|x64.ActiveCfg = Release|x64
		{65ACAAF1-1BE7-435E-AB20-1F046D87B2D4}.Release|x64.Build.0 = Release|x64
		{65ACAAF1-1BE7-435E-AB20-1F046D87B2D4}.Release|x86.ActiveCfg = Release|Win32
		{65ACAAF1-1BE7-435E-AB20-1F046D87B2D4}.Release|x86.Build.0 = Release|Win32
	EndGlobalSection
	GlobalSection(SolutionProperties) = preSolution
		HideSolutionNode = FALSE
	EndGlobalSection
EndGlobal
